
Microsoft Visual Studio Solution File, Format Version 12.00
# Visual Studio Version 17
VisualStudioVersion = 17.0.31903.59
MinimumVisualStudioVersion = 10.0.40219.1
Project("{FAE04EC0-301F-11D3-BF4B-00C04F79EFBC}") = "IMilosk.WebParsingUtils", "IMilosk.WebParsingUtils\IMilosk.WebParsingUtils.csproj", "{594E9131-3A2D-4F0B-B74F-86E1BC5C0C8A}"
EndProject
Project("{FAE04EC0-301F-11D3-BF4B-00C04F79EFBC}") = "IMilosk.WebParsingUtils.UnitTests", "IMilosk.WebParsingUtils.UnitTests\IMilosk.WebParsingUtils.UnitTests.csproj", "{5430ED1D-8490-438C-9A73-2D8E375B7655}"
EndProject
Project("{FAE04EC0-301F-11D3-BF4B-00C04F79EFBC}") = "IMilosk.Data.Dapper.Utils", "IMilosk.Data.Dapper.Utils\IMilosk.Data.Dapper.Utils.csproj", "{8310D7C4-6FD0-4AD5-9222-5E809424ECAE}"
EndProject
Project("{FAE04EC0-301F-11D3-BF4B-00C04F79EFBC}") = "IMilosk.Data.FluentMigrator.Utils", "IMilosk.Data.FluentMigrator.Utils\IMilosk.Data.FluentMigrator.Utils.csproj", "{108AEF5D-943B-4C32-B99F-2A394C51CCD3}"
EndProject
Project("{FAE04EC0-301F-11D3-BF4B-00C04F79EFBC}") = "IMilosk.Data.SqlClient.DatabaseConnector", "IMilosk.Data.SqlClient.DatabaseConnector\IMilosk.Data.SqlClient.DatabaseConnector.csproj", "{997A3895-BEE8-4E0B-AC65-CF3B09FA64D4}"
EndProject
Project("{FAE04EC0-301F-11D3-BF4B-00C04F79EFBC}") = "IMilosk.Extensions.BaseTypeExtensions", "IMilosk.Extensions.BaseTypeExtensions\IMilosk.Extensions.BaseTypeExtensions.csproj", "{42D0E158-2373-4E41-B135-82E1939BDB55}"
EndProject
Project("{FAE04EC0-301F-11D3-BF4B-00C04F79EFBC}") = "IMilosk.Messaging.RabbitMq", "IMilosk.Messaging.RabbitMq\IMilosk.Messaging.RabbitMq.csproj", "{F21339AE-ECE8-4A8F-930E-635E60102EBE}"
EndProject
Project("{FAE04EC0-301F-11D3-BF4B-00C04F79EFBC}") = "IMilosk.Utils.FileHandling", "IMilosk.Utils.FileHandling\IMilosk.Utils.FileHandling.csproj", "{94EB9288-7814-4DBB-92BE-195CE78AE455}"
EndProject
Project("{FAE04EC0-301F-11D3-BF4B-00C04F79EFBC}") = "IMilosk.Data.SqlKata.Utils", "IMilosk.Data.SqlKata.Utils\IMilosk.Data.SqlKata.Utils.csproj", "{321C3BAF-6838-4B99-B647-AE59D0E579C5}"
EndProject
Project("{FAE04EC0-301F-11D3-BF4B-00C04F79EFBC}") = "IMilosk.Data.SqlClient.Tests", "IMilosk.Data.SqlClient.Tests\IMilosk.Data.SqlClient.Tests.csproj", "{F27748F5-30BF-4E4A-80D8-E2C029548759}"
EndProject
Project("{FAE04EC0-301F-11D3-BF4B-00C04F79EFBC}") = "IMilosk.Data.SqlKata.Utils.Tests", "IMilosk.Data.SqlKata.Utils.Tests\IMilosk.Data.SqlKata.Utils.Tests.csproj", "{10BC01E9-B869-4350-B292-1AE9388B92C9}"
EndProject
Project("{FAE04EC0-301F-11D3-BF4B-00C04F79EFBC}") = "IMilosk.Utils.FileHandling.Tests", "IMilosk.Utils.FileHandling.Tests\IMilosk.Utils.FileHandling.Tests.csproj", "{0057D696-8920-4CC9-9CBC-8364848A3E6D}"
EndProject
Project("{FAE04EC0-301F-11D3-BF4B-00C04F79EFBC}") = "IMilosk.Tests.Settings", "IMilosk.Tests.Settings\IMilosk.Tests.Settings.csproj", "{7B106E8F-2C5E-46D6-9E2D-4C5F8097CE2F}"
EndProject
Global
	GlobalSection(SolutionConfigurationPlatforms) = preSolution
		Debug|Any CPU = Debug|Any CPU
		Release|Any CPU = Release|Any CPU
	EndGlobalSection
	GlobalSection(SolutionProperties) = preSolution
		HideSolutionNode = FALSE
	EndGlobalSection
	GlobalSection(ProjectConfigurationPlatforms) = postSolution
		{594E9131-3A2D-4F0B-B74F-86E1BC5C0C8A}.Debug|Any CPU.ActiveCfg = Debug|Any CPU
		{594E9131-3A2D-4F0B-B74F-86E1BC5C0C8A}.Debug|Any CPU.Build.0 = Debug|Any CPU
		{594E9131-3A2D-4F0B-B74F-86E1BC5C0C8A}.Release|Any CPU.ActiveCfg = Release|Any CPU
		{594E9131-3A2D-4F0B-B74F-86E1BC5C0C8A}.Release|Any CPU.Build.0 = Release|Any CPU
		{5430ED1D-8490-438C-9A73-2D8E375B7655}.Debug|Any CPU.ActiveCfg = Debug|Any CPU
		{5430ED1D-8490-438C-9A73-2D8E375B7655}.Debug|Any CPU.Build.0 = Debug|Any CPU
		{5430ED1D-8490-438C-9A73-2D8E375B7655}.Release|Any CPU.ActiveCfg = Release|Any CPU
		{5430ED1D-8490-438C-9A73-2D8E375B7655}.Release|Any CPU.Build.0 = Release|Any CPU
		{8310D7C4-6FD0-4AD5-9222-5E809424ECAE}.Debug|Any CPU.ActiveCfg = Debug|Any CPU
		{8310D7C4-6FD0-4AD5-9222-5E809424ECAE}.Debug|Any CPU.Build.0 = Debug|Any CPU
		{8310D7C4-6FD0-4AD5-9222-5E809424ECAE}.Release|Any CPU.ActiveCfg = Release|Any CPU
		{8310D7C4-6FD0-4AD5-9222-5E809424ECAE}.Release|Any CPU.Build.0 = Release|Any CPU
		{108AEF5D-943B-4C32-B99F-2A394C51CCD3}.Debug|Any CPU.ActiveCfg = Debug|Any CPU
		{108AEF5D-943B-4C32-B99F-2A394C51CCD3}.Debug|Any CPU.Build.0 = Debug|Any CPU
		{108AEF5D-943B-4C32-B99F-2A394C51CCD3}.Release|Any CPU.ActiveCfg = Release|Any CPU
		{108AEF5D-943B-4C32-B99F-2A394C51CCD3}.Release|Any CPU.Build.0 = Release|Any CPU
		{997A3895-BEE8-4E0B-AC65-CF3B09FA64D4}.Debug|Any CPU.ActiveCfg = Debug|Any CPU
		{997A3895-BEE8-4E0B-AC65-CF3B09FA64D4}.Debug|Any CPU.Build.0 = Debug|Any CPU
		{997A3895-BEE8-4E0B-AC65-CF3B09FA64D4}.Release|Any CPU.ActiveCfg = Release|Any CPU
		{997A3895-BEE8-4E0B-AC65-CF3B09FA64D4}.Release|Any CPU.Build.0 = Release|Any CPU
		{42D0E158-2373-4E41-B135-82E1939BDB55}.Debug|Any CPU.ActiveCfg = Debug|Any CPU
		{42D0E158-2373-4E41-B135-82E1939BDB55}.Debug|Any CPU.Build.0 = Debug|Any CPU
		{42D0E158-2373-4E41-B135-82E1939BDB55}.Release|Any CPU.ActiveCfg = Release|Any CPU
		{42D0E158-2373-4E41-B135-82E1939BDB55}.Release|Any CPU.Build.0 = Release|Any CPU
		{F21339AE-ECE8-4A8F-930E-635E60102EBE}.Debug|Any CPU.ActiveCfg = Debug|Any CPU
		{F21339AE-ECE8-4A8F-930E-635E60102EBE}.Debug|Any CPU.Build.0 = Debug|Any CPU
		{F21339AE-ECE8-4A8F-930E-635E60102EBE}.Release|Any CPU.ActiveCfg = Release|Any CPU
		{F21339AE-ECE8-4A8F-930E-635E60102EBE}.Release|Any CPU.Build.0 = Release|Any CPU
		{94EB9288-7814-4DBB-92BE-195CE78AE455}.Debug|Any CPU.ActiveCfg = Debug|Any CPU
		{94EB9288-7814-4DBB-92BE-195CE78AE455}.Debug|Any CPU.Build.0 = Debug|Any CPU
		{94EB9288-7814-4DBB-92BE-195CE78AE455}.Release|Any CPU.ActiveCfg = Release|Any CPU
		{94EB9288-7814-4DBB-92BE-195CE78AE455}.Release|Any CPU.Build.0 = Release|Any CPU
		{321C3BAF-6838-4B99-B647-AE59D0E579C5}.Debug|Any CPU.ActiveCfg = Debug|Any CPU
		{321C3BAF-6838-4B99-B647-AE59D0E579C5}.Debug|Any CPU.Build.0 = Debug|Any CPU
		{321C3BAF-6838-4B99-B647-AE59D0E579C5}.Release|Any CPU.ActiveCfg = Release|Any CPU
		{321C3BAF-6838-4B99-B647-AE59D0E579C5}.Release|Any CPU.Build.0 = Release|Any CPU
		{F27748F5-30BF-4E4A-80D8-E2C029548759}.Debug|Any CPU.ActiveCfg = Debug|Any CPU
		{F27748F5-30BF-4E4A-80D8-E2C029548759}.Debug|Any CPU.Build.0 = Debug|Any CPU
		{F27748F5-30BF-4E4A-80D8-E2C029548759}.Release|Any CPU.ActiveCfg = Release|Any CPU
		{F27748F5-30BF-4E4A-80D8-E2C029548759}.Release|Any CPU.Build.0 = Release|Any CPU
		{10BC01E9-B869-4350-B292-1AE9388B92C9}.Debug|Any CPU.ActiveCfg = Debug|Any CPU
		{10BC01E9-B869-4350-B292-1AE9388B92C9}.Debug|Any CPU.Build.0 = Debug|Any CPU
		{10BC01E9-B869-4350-B292-1AE9388B92C9}.Release|Any CPU.ActiveCfg = Release|Any CPU
		{10BC01E9-B869-4350-B292-1AE9388B92C9}.Release|Any CPU.Build.0 = Release|Any CPU
		{0057D696-8920-4CC9-9CBC-8364848A3E6D}.Debug|Any CPU.ActiveCfg = Debug|Any CPU
		{0057D696-8920-4CC9-9CBC-8364848A3E6D}.Debug|Any CPU.Build.0 = Debug|Any CPU
		{0057D696-8920-4CC9-9CBC-8364848A3E6D}.Release|Any CPU.ActiveCfg = Release|Any CPU
		{0057D696-8920-4CC9-9CBC-8364848A3E6D}.Release|Any CPU.Build.0 = Release|Any CPU
		{7B106E8F-2C5E-46D6-9E2D-4C5F8097CE2F}.Debug|Any CPU.ActiveCfg = Debug|Any CPU
		{7B106E8F-2C5E-46D6-9E2D-4C5F8097CE2F}.Debug|Any CPU.Build.0 = Debug|Any CPU
		{7B106E8F-2C5E-46D6-9E2D-4C5F8097CE2F}.Release|Any CPU.ActiveCfg = Release|Any CPU
		{7B106E8F-2C5E-46D6-9E2D-4C5F8097CE2F}.Release|Any CPU.Build.0 = Release|Any CPU
	EndGlobalSection
EndGlobal
